
Microsoft Visual Studio Solution File, Format Version 12.00
# Visual Studio Version 17
VisualStudioVersion = 17.4.33213.308
MinimumVisualStudioVersion = 10.0.40219.1
Project("{FAE04EC0-301F-11D3-BF4B-00C04F79EFBC}") = "Movflix", "Movflix\Movflix.csproj", "{24E3C0E0-630C-440A-A605-4E41B3805002}"
EndProject
Global
	GlobalSection(SolutionConfigurationPlatforms) = preSolution
		Debug|Any CPU = Debug|Any CPU
		Release|Any CPU = Release|Any CPU
	EndGlobalSection
	GlobalSection(ProjectConfigurationPlatforms) = postSolution
		{24E3C0E0-630C-440A-A605-4E41B3805002}.Debug|Any CPU.ActiveCfg = Debug|Any CPU
		{24E3C0E0-630C-440A-A605-4E41B3805002}.Debug|Any CPU.Build.0 = Debug|Any CPU
		{24E3C0E0-630C-440A-A605-4E41B3805002}.Release|Any CPU.ActiveCfg = Release|Any CPU
		{24E3C0E0-630C-440A-A605-4E41B3805002}.Release|Any CPU.Build.0 = Release|Any CPU
	EndGlobalSection
	GlobalSection(SolutionProperties) = preSolution
		HideSolutionNode = FALSE
	EndGlobalSection
	GlobalSection(ExtensibilityGlobals) = postSolution
		SolutionGuid = {32E799A6-B056-4538-8372-742EA511DF6D}
	EndGlobalSection
EndGlobal
